
Microsoft Visual Studio Solution File, Format Version 12.00
# Visual Studio Version 17
VisualStudioVersion = 17.2.32526.322
MinimumVisualStudioVersion = 10.0.40219.1
Project("{FAE04EC0-301F-11D3-BF4B-00C04F79EFBC}") = "Nefarius.Utilities.GitHubUpdater", "Nefarius.Utilities.GitHubUpdater.csproj", "{FE1EE11F-4B9B-470B-B48B-C45D19253272}"
EndProject
Global
	GlobalSection(SolutionConfigurationPlatforms) = preSolution
		Debug|Any CPU = Debug|Any CPU
		Release|Any CPU = Release|Any CPU
	EndGlobalSection
	GlobalSection(ProjectConfigurationPlatforms) = postSolution
		{FE1EE11F-4B9B-470B-B48B-C45D19253272}.Debug|Any CPU.ActiveCfg = Debug|Any CPU
		{FE1EE11F-4B9B-470B-B48B-C45D19253272}.Debug|Any CPU.Build.0 = Debug|Any CPU
		{FE1EE11F-4B9B-470B-B48B-C45D19253272}.Release|Any CPU.ActiveCfg = Release|Any CPU
		{FE1EE11F-4B9B-470B-B48B-C45D19253272}.Release|Any CPU.Build.0 = Release|Any CPU
	EndGlobalSection
	GlobalSection(SolutionProperties) = preSolution
		HideSolutionNode = FALSE
	EndGlobalSection
	GlobalSection(ExtensibilityGlobals) = postSolution
		SolutionGuid = {28ED65AE-4723-492C-96BD-4F573C2D533C}
	EndGlobalSection
EndGlobal
